
Microsoft Visual Studio Solution File, Format Version 12.00
# Visual Studio 2013
VisualStudioVersion = 12.0.30324.0
MinimumVisualStudioVersion = 10.0.40219.1
Project("{FAE04EC0-301F-11D3-BF4B-00C04F79EFBC}") = "Hyperstore", "Hyperstore\Hyperstore.csproj", "{3AB9FBAB-4E14-4661-90BC-DA6D4236066A}"
EndProject
Project("{2150E333-8FDC-42A3-9474-1A3956D46DE8}") = ".nuget", ".nuget", "{BFD2FDD8-2216-4EE7-90F2-2B103372EF0A}"
	ProjectSection(SolutionItems) = preProject
		.nuget\NuGet.Config = .nuget\NuGet.Config
		.nuget\NuGet.exe = .nuget\NuGet.exe
		.nuget\NuGet.targets = .nuget\NuGet.targets
	EndProjectSection
EndProject
Project("{2150E333-8FDC-42A3-9474-1A3956D46DE8}") = "Solution Items", "Solution Items", "{8DB25E88-DEB8-4736-82C4-7B3BC347127F}"
	ProjectSection(SolutionItems) = preProject
		AssemblyVersion.cs = AssemblyVersion.cs
		BuildAll.proj = BuildAll.proj
		Common reactive.targets = Common reactive.targets
		Common.targets = Common.targets
		Hyperstore with reactive.nuspec = Hyperstore with reactive.nuspec
		Hyperstore.nuspec = Hyperstore.nuspec
		Hyperstore_only.sln = Hyperstore_only.sln
		Import.targets = Import.targets
	EndProjectSection
EndProject
Project("{FAE04EC0-301F-11D3-BF4B-00C04F79EFBC}") = "Hyperstore.Tests", "Hyperstore.Tests\Hyperstore.Tests.csproj", "{65A22C6F-D70B-427A-962A-40007921EF02}"
EndProject
Project("{FAE04EC0-301F-11D3-BF4B-00C04F79EFBC}") = "Hyperstore.ReactiveExtension", "Hyperstore.ReactiveExtension\Hyperstore.ReactiveExtension.csproj", "{ABD21AE7-173F-4A0A-A28D-6E53AD353610}"
EndProject
Project("{FAE04EC0-301F-11D3-BF4B-00C04F79EFBC}") = "Hyperstore.Bench", "Hyperstore.Bench\Hyperstore.Bench.csproj", "{49378800-E348-43C7-9C47-2CE2059A77D0}"
EndProject
Project("{FAE04EC0-301F-11D3-BF4B-00C04F79EFBC}") = "Hyperstore.XTests", "Hyperstore.XTests\Hyperstore.XTests.csproj", "{8836017C-AA58-4A40-9008-8D02E3F75E33}"
EndProject
Project("{2150E333-8FDC-42A3-9474-1A3956D46DE8}") = "Tests", "Tests", "{41992136-C867-41CB-8DAB-3A450794021E}"
EndProject
Global
	GlobalSection(SolutionConfigurationPlatforms) = preSolution
		Debug|Any CPU = Debug|Any CPU
		Debug45|Any CPU = Debug45|Any CPU
		Debug8|Any CPU = Debug8|Any CPU
		DebugPCL|Any CPU = DebugPCL|Any CPU
		Release|Any CPU = Release|Any CPU
		Release45|Any CPU = Release45|Any CPU
		Release8|Any CPU = Release8|Any CPU
		ReleasePCL|Any CPU = ReleasePCL|Any CPU
	EndGlobalSection
	GlobalSection(ProjectConfigurationPlatforms) = postSolution
		{3AB9FBAB-4E14-4661-90BC-DA6D4236066A}.Debug|Any CPU.ActiveCfg = DebugPCL|Any CPU
		{3AB9FBAB-4E14-4661-90BC-DA6D4236066A}.Debug|Any CPU.Build.0 = DebugPCL|Any CPU
		{3AB9FBAB-4E14-4661-90BC-DA6D4236066A}.Debug45|Any CPU.ActiveCfg = Debug45|Any CPU
		{3AB9FBAB-4E14-4661-90BC-DA6D4236066A}.Debug45|Any CPU.Build.0 = Debug45|Any CPU
		{3AB9FBAB-4E14-4661-90BC-DA6D4236066A}.Debug8|Any CPU.ActiveCfg = Debug8|Any CPU
		{3AB9FBAB-4E14-4661-90BC-DA6D4236066A}.Debug8|Any CPU.Build.0 = Debug8|Any CPU
		{3AB9FBAB-4E14-4661-90BC-DA6D4236066A}.DebugPCL|Any CPU.ActiveCfg = DebugPCL|Any CPU
		{3AB9FBAB-4E14-4661-90BC-DA6D4236066A}.DebugPCL|Any CPU.Build.0 = DebugPCL|Any CPU
		{3AB9FBAB-4E14-4661-90BC-DA6D4236066A}.Release|Any CPU.ActiveCfg = ReleasePCL|Any CPU
		{3AB9FBAB-4E14-4661-90BC-DA6D4236066A}.Release|Any CPU.Build.0 = ReleasePCL|Any CPU
		{3AB9FBAB-4E14-4661-90BC-DA6D4236066A}.Release45|Any CPU.ActiveCfg = Release45|Any CPU
		{3AB9FBAB-4E14-4661-90BC-DA6D4236066A}.Release45|Any CPU.Build.0 = Release45|Any CPU
		{3AB9FBAB-4E14-4661-90BC-DA6D4236066A}.Release8|Any CPU.ActiveCfg = Release8|Any CPU
		{3AB9FBAB-4E14-4661-90BC-DA6D4236066A}.Release8|Any CPU.Build.0 = Release8|Any CPU
		{3AB9FBAB-4E14-4661-90BC-DA6D4236066A}.ReleasePCL|Any CPU.ActiveCfg = ReleasePCL|Any CPU
		{3AB9FBAB-4E14-4661-90BC-DA6D4236066A}.ReleasePCL|Any CPU.Build.0 = ReleasePCL|Any CPU
		{65A22C6F-D70B-427A-962A-40007921EF02}.Debug|Any CPU.ActiveCfg = DebugPCL|Any CPU
		{65A22C6F-D70B-427A-962A-40007921EF02}.Debug|Any CPU.Build.0 = DebugPCL|Any CPU
		{65A22C6F-D70B-427A-962A-40007921EF02}.Debug45|Any CPU.ActiveCfg = Debug45|Any CPU
		{65A22C6F-D70B-427A-962A-40007921EF02}.Debug45|Any CPU.Build.0 = Debug45|Any CPU
		{65A22C6F-D70B-427A-962A-40007921EF02}.Debug8|Any CPU.ActiveCfg = Debug8|Any CPU
		{65A22C6F-D70B-427A-962A-40007921EF02}.Debug8|Any CPU.Build.0 = Debug8|Any CPU
		{65A22C6F-D70B-427A-962A-40007921EF02}.DebugPCL|Any CPU.ActiveCfg = DebugPCL|Any CPU
		{65A22C6F-D70B-427A-962A-40007921EF02}.DebugPCL|Any CPU.Build.0 = DebugPCL|Any CPU
		{65A22C6F-D70B-427A-962A-40007921EF02}.Release|Any CPU.ActiveCfg = ReleasePCL|Any CPU
		{65A22C6F-D70B-427A-962A-40007921EF02}.Release|Any CPU.Build.0 = ReleasePCL|Any CPU
		{65A22C6F-D70B-427A-962A-40007921EF02}.Release45|Any CPU.ActiveCfg = Release45|Any CPU
		{65A22C6F-D70B-427A-962A-40007921EF02}.Release45|Any CPU.Build.0 = Release45|Any CPU
		{65A22C6F-D70B-427A-962A-40007921EF02}.Release8|Any CPU.ActiveCfg = Release8|Any CPU
		{65A22C6F-D70B-427A-962A-40007921EF02}.Release8|Any CPU.Build.0 = Release8|Any CPU
		{65A22C6F-D70B-427A-962A-40007921EF02}.ReleasePCL|Any CPU.ActiveCfg = ReleasePCL|Any CPU
		{65A22C6F-D70B-427A-962A-40007921EF02}.ReleasePCL|Any CPU.Build.0 = ReleasePCL|Any CPU
		{ABD21AE7-173F-4A0A-A28D-6E53AD353610}.Debug|Any CPU.ActiveCfg = DebugPCL|Any CPU
		{ABD21AE7-173F-4A0A-A28D-6E53AD353610}.Debug|Any CPU.Build.0 = DebugPCL|Any CPU
		{ABD21AE7-173F-4A0A-A28D-6E53AD353610}.Debug45|Any CPU.ActiveCfg = Debug45|Any CPU
		{ABD21AE7-173F-4A0A-A28D-6E53AD353610}.Debug45|Any CPU.Build.0 = Debug45|Any CPU
		{ABD21AE7-173F-4A0A-A28D-6E53AD353610}.Debug8|Any CPU.ActiveCfg = Debug8|Any CPU
		{ABD21AE7-173F-4A0A-A28D-6E53AD353610}.Debug8|Any CPU.Build.0 = Debug8|Any CPU
		{ABD21AE7-173F-4A0A-A28D-6E53AD353610}.DebugPCL|Any CPU.ActiveCfg = DebugPCL|Any CPU
		{ABD21AE7-173F-4A0A-A28D-6E53AD353610}.DebugPCL|Any CPU.Build.0 = DebugPCL|Any CPU
		{ABD21AE7-173F-4A0A-A28D-6E53AD353610}.Release|Any CPU.ActiveCfg = ReleasePCL|Any CPU
		{ABD21AE7-173F-4A0A-A28D-6E53AD353610}.Release|Any CPU.Build.0 = ReleasePCL|Any CPU
		{ABD21AE7-173F-4A0A-A28D-6E53AD353610}.Release45|Any CPU.ActiveCfg = Release45|Any CPU
		{ABD21AE7-173F-4A0A-A28D-6E53AD353610}.Release45|Any CPU.Build.0 = Release45|Any CPU
		{ABD21AE7-173F-4A0A-A28D-6E53AD353610}.Release8|Any CPU.ActiveCfg = Release8|Any CPU
		{ABD21AE7-173F-4A0A-A28D-6E53AD353610}.Release8|Any CPU.Build.0 = Release8|Any CPU
		{ABD21AE7-173F-4A0A-A28D-6E53AD353610}.ReleasePCL|Any CPU.ActiveCfg = ReleasePCL|Any CPU
		{ABD21AE7-173F-4A0A-A28D-6E53AD353610}.ReleasePCL|Any CPU.Build.0 = ReleasePCL|Any CPU
		{49378800-E348-43C7-9C47-2CE2059A77D0}.Debug|Any CPU.ActiveCfg = Debug|Any CPU
		{49378800-E348-43C7-9C47-2CE2059A77D0}.Debug|Any CPU.Build.0 = Debug|Any CPU
		{49378800-E348-43C7-9C47-2CE2059A77D0}.Debug45|Any CPU.ActiveCfg = Debug|Any CPU
		{49378800-E348-43C7-9C47-2CE2059A77D0}.Debug45|Any CPU.Build.0 = Debug|Any CPU
		{49378800-E348-43C7-9C47-2CE2059A77D0}.Debug8|Any CPU.ActiveCfg = Debug|Any CPU
		{49378800-E348-43C7-9C47-2CE2059A77D0}.Debug8|Any CPU.Build.0 = Debug|Any CPU
		{49378800-E348-43C7-9C47-2CE2059A77D0}.DebugPCL|Any CPU.ActiveCfg = Debug|Any CPU
		{49378800-E348-43C7-9C47-2CE2059A77D0}.DebugPCL|Any CPU.Build.0 = Debug|Any CPU
		{49378800-E348-43C7-9C47-2CE2059A77D0}.Release|Any CPU.ActiveCfg = Release|Any CPU
		{49378800-E348-43C7-9C47-2CE2059A77D0}.Release|Any CPU.Build.0 = Release|Any CPU
		{49378800-E348-43C7-9C47-2CE2059A77D0}.Release45|Any CPU.ActiveCfg = Release|Any CPU
		{49378800-E348-43C7-9C47-2CE2059A77D0}.Release45|Any CPU.Build.0 = Release|Any CPU
		{49378800-E348-43C7-9C47-2CE2059A77D0}.Release8|Any CPU.ActiveCfg = Release|Any CPU
		{49378800-E348-43C7-9C47-2CE2059A77D0}.Release8|Any CPU.Build.0 = Release|Any CPU
		{49378800-E348-43C7-9C47-2CE2059A77D0}.ReleasePCL|Any CPU.ActiveCfg = Release|Any CPU
		{49378800-E348-43C7-9C47-2CE2059A77D0}.ReleasePCL|Any CPU.Build.0 = Release|Any CPU
		{8836017C-AA58-4A40-9008-8D02E3F75E33}.Debug|Any CPU.ActiveCfg = Debug|Any CPU
		{8836017C-AA58-4A40-9008-8D02E3F75E33}.Debug|Any CPU.Build.0 = Debug|Any CPU
		{8836017C-AA58-4A40-9008-8D02E3F75E33}.Debug45|Any CPU.ActiveCfg = Debug|Any CPU
		{8836017C-AA58-4A40-9008-8D02E3F75E33}.Debug45|Any CPU.Build.0 = Debug|Any CPU
		{8836017C-AA58-4A40-9008-8D02E3F75E33}.Debug8|Any CPU.ActiveCfg = Debug|Any CPU
		{8836017C-AA58-4A40-9008-8D02E3F75E33}.Debug8|Any CPU.Build.0 = Debug|Any CPU
		{8836017C-AA58-4A40-9008-8D02E3F75E33}.DebugPCL|Any CPU.ActiveCfg = Debug|Any CPU
		{8836017C-AA58-4A40-9008-8D02E3F75E33}.DebugPCL|Any CPU.Build.0 = Debug|Any CPU
		{8836017C-AA58-4A40-9008-8D02E3F75E33}.Release|Any CPU.ActiveCfg = Release|Any CPU
		{8836017C-AA58-4A40-9008-8D02E3F75E33}.Release|Any CPU.Build.0 = Release|Any CPU
		{8836017C-AA58-4A40-9008-8D02E3F75E33}.Release45|Any CPU.ActiveCfg = Release|Any CPU
		{8836017C-AA58-4A40-9008-8D02E3F75E33}.Release45|Any CPU.Build.0 = Release|Any CPU
		{8836017C-AA58-4A40-9008-8D02E3F75E33}.Release8|Any CPU.ActiveCfg = Release|Any CPU
		{8836017C-AA58-4A40-9008-8D02E3F75E33}.Release8|Any CPU.Build.0 = Release|Any CPU
		{8836017C-AA58-4A40-9008-8D02E3F75E33}.ReleasePCL|Any CPU.ActiveCfg = Release|Any CPU
		{8836017C-AA58-4A40-9008-8D02E3F75E33}.ReleasePCL|Any CPU.Build.0 = Release|Any CPU
	EndGlobalSection
	GlobalSection(SolutionProperties) = preSolution
		HideSolutionNode = FALSE
	EndGlobalSection
	GlobalSection(NestedProjects) = preSolution
		{65A22C6F-D70B-427A-962A-40007921EF02} = {41992136-C867-41CB-8DAB-3A450794021E}
		{49378800-E348-43C7-9C47-2CE2059A77D0} = {41992136-C867-41CB-8DAB-3A450794021E}
		{8836017C-AA58-4A40-9008-8D02E3F75E33} = {41992136-C867-41CB-8DAB-3A450794021E}
	EndGlobalSection
	GlobalSection(CodealikeProperties) = postSolution
		SolutionGuid = 40702718-6f8f-4d73-b37c-5670671837a1
	EndGlobalSection
	GlobalSection(NDepend) = preSolution
		Project = ""
	EndGlobalSection
EndGlobal
